
Microsoft Visual Studio Solution File, Format Version 12.00
# Visual Studio Version 16
VisualStudioVersion = 16.0.29519.87
MinimumVisualStudioVersion = 10.0.40219.1
Project("{9A19103F-16F7-4668-BE54-9A1E7A4F7556}") = "SheduleParser", "SheduleParser\SheduleParser.csproj", "{21DDD131-B765-46EF-961B-7BA6C9894620}"
EndProject
Project("{9A19103F-16F7-4668-BE54-9A1E7A4F7556}") = "Api", "Api\Api.csproj", "{DD66A6D5-487F-4062-A313-7BCDFED553BD}"
EndProject
Project("{FAE04EC0-301F-11D3-BF4B-00C04F79EFBC}") = "TelegramBot", "TelegramBot\TelegramBot.csproj", "{1C6D4120-6F63-4425-9DA9-6DF3182EC6CA}"
EndProject
Global
	GlobalSection(SolutionConfigurationPlatforms) = preSolution
		Debug|Any CPU = Debug|Any CPU
		Release|Any CPU = Release|Any CPU
	EndGlobalSection
	GlobalSection(ProjectConfigurationPlatforms) = postSolution
		{21DDD131-B765-46EF-961B-7BA6C9894620}.Debug|Any CPU.ActiveCfg = Debug|Any CPU
		{21DDD131-B765-46EF-961B-7BA6C9894620}.Debug|Any CPU.Build.0 = Debug|Any CPU
		{21DDD131-B765-46EF-961B-7BA6C9894620}.Release|Any CPU.ActiveCfg = Release|Any CPU
		{21DDD131-B765-46EF-961B-7BA6C9894620}.Release|Any CPU.Build.0 = Release|Any CPU
		{DD66A6D5-487F-4062-A313-7BCDFED553BD}.Debug|Any CPU.ActiveCfg = Debug|Any CPU
		{DD66A6D5-487F-4062-A313-7BCDFED553BD}.Debug|Any CPU.Build.0 = Debug|Any CPU
		{DD66A6D5-487F-4062-A313-7BCDFED553BD}.Release|Any CPU.ActiveCfg = Release|Any CPU
		{DD66A6D5-487F-4062-A313-7BCDFED553BD}.Release|Any CPU.Build.0 = Release|Any CPU
		{1C6D4120-6F63-4425-9DA9-6DF3182EC6CA}.Debug|Any CPU.ActiveCfg = Debug|Any CPU
		{1C6D4120-6F63-4425-9DA9-6DF3182EC6CA}.Debug|Any CPU.Build.0 = Debug|Any CPU
		{1C6D4120-6F63-4425-9DA9-6DF3182EC6CA}.Release|Any CPU.ActiveCfg = Release|Any CPU
		{1C6D4120-6F63-4425-9DA9-6DF3182EC6CA}.Release|Any CPU.Build.0 = Release|Any CPU
	EndGlobalSection
	GlobalSection(SolutionProperties) = preSolution
		HideSolutionNode = FALSE
	EndGlobalSection
	GlobalSection(ExtensibilityGlobals) = postSolution
		SolutionGuid = {12669B0C-4095-4A88-B2C7-039D88112E72}
	EndGlobalSection
EndGlobal
