
Microsoft Visual Studio Solution File, Format Version 12.00
# Visual Studio Version 16
VisualStudioVersion = 16.0.29519.87
MinimumVisualStudioVersion = 10.0.40219.1
Project("{FAE04EC0-301F-11D3-BF4B-00C04F79EFBC}") = "PkghShedule", "PkghShedule\PkghShedule.csproj", "{4C6B068B-4CED-4A46-BFC5-62236F444D00}"
EndProject
Project("{FAE04EC0-301F-11D3-BF4B-00C04F79EFBC}") = "Test", "Test\Test.csproj", "{B7C7DE79-58DD-4413-BFB4-DF0C1137CF5C}"
EndProject
Global
	GlobalSection(SolutionConfigurationPlatforms) = preSolution
		Debug|Any CPU = Debug|Any CPU
		Release|Any CPU = Release|Any CPU
	EndGlobalSection
	GlobalSection(ProjectConfigurationPlatforms) = postSolution
		{4C6B068B-4CED-4A46-BFC5-62236F444D00}.Debug|Any CPU.ActiveCfg = Debug|Any CPU
		{4C6B068B-4CED-4A46-BFC5-62236F444D00}.Debug|Any CPU.Build.0 = Debug|Any CPU
		{4C6B068B-4CED-4A46-BFC5-62236F444D00}.Release|Any CPU.ActiveCfg = Release|Any CPU
		{4C6B068B-4CED-4A46-BFC5-62236F444D00}.Release|Any CPU.Build.0 = Release|Any CPU
		{B7C7DE79-58DD-4413-BFB4-DF0C1137CF5C}.Debug|Any CPU.ActiveCfg = Debug|Any CPU
		{B7C7DE79-58DD-4413-BFB4-DF0C1137CF5C}.Debug|Any CPU.Build.0 = Debug|Any CPU
		{B7C7DE79-58DD-4413-BFB4-DF0C1137CF5C}.Release|Any CPU.ActiveCfg = Release|Any CPU
		{B7C7DE79-58DD-4413-BFB4-DF0C1137CF5C}.Release|Any CPU.Build.0 = Release|Any CPU
	EndGlobalSection
	GlobalSection(SolutionProperties) = preSolution
		HideSolutionNode = FALSE
	EndGlobalSection
	GlobalSection(ExtensibilityGlobals) = postSolution
		SolutionGuid = {12669B0C-4095-4A88-B2C7-039D88112E72}
	EndGlobalSection
EndGlobal
